
Microsoft Visual Studio Solution File, Format Version 12.00
Project("{FAE04EC0-301F-11D3-BF4B-00C04F79EFBC}") = "VerifySignature", "VerifySignature\VerifySignature.csproj", "{2E5A59FF-D2CA-419A-913C-85BE1AC4811F}"
EndProject
Project("{FAE04EC0-301F-11D3-BF4B-00C04F79EFBC}") = "VerifySignatureTest", "VerifySignatureTest\VerifySignatureTest.csproj", "{A580C5E6-F3FF-43A1-A671-648B8D4FF593}"
EndProject
Project("{FAE04EC0-301F-11D3-BF4B-00C04F79EFBC}") = "VerifySignature.Console", "VerifySignature.Console\VerifySignature.Console.csproj", "{5A0B4A20-824C-49A3-8E1A-433B05C097A7}"
EndProject
Global
	GlobalSection(SolutionConfigurationPlatforms) = preSolution
		Debug|Any CPU = Debug|Any CPU
		Release|Any CPU = Release|Any CPU
	EndGlobalSection
	GlobalSection(ProjectConfigurationPlatforms) = postSolution
		{2E5A59FF-D2CA-419A-913C-85BE1AC4811F}.Debug|Any CPU.ActiveCfg = Debug|Any CPU
		{2E5A59FF-D2CA-419A-913C-85BE1AC4811F}.Debug|Any CPU.Build.0 = Debug|Any CPU
		{2E5A59FF-D2CA-419A-913C-85BE1AC4811F}.Release|Any CPU.ActiveCfg = Release|Any CPU
		{2E5A59FF-D2CA-419A-913C-85BE1AC4811F}.Release|Any CPU.Build.0 = Release|Any CPU
		{A580C5E6-F3FF-43A1-A671-648B8D4FF593}.Debug|Any CPU.ActiveCfg = Debug|Any CPU
		{A580C5E6-F3FF-43A1-A671-648B8D4FF593}.Debug|Any CPU.Build.0 = Debug|Any CPU
		{A580C5E6-F3FF-43A1-A671-648B8D4FF593}.Release|Any CPU.ActiveCfg = Release|Any CPU
		{A580C5E6-F3FF-43A1-A671-648B8D4FF593}.Release|Any CPU.Build.0 = Release|Any CPU
		{5A0B4A20-824C-49A3-8E1A-433B05C097A7}.Debug|Any CPU.ActiveCfg = Debug|Any CPU
		{5A0B4A20-824C-49A3-8E1A-433B05C097A7}.Debug|Any CPU.Build.0 = Debug|Any CPU
		{5A0B4A20-824C-49A3-8E1A-433B05C097A7}.Release|Any CPU.ActiveCfg = Release|Any CPU
		{5A0B4A20-824C-49A3-8E1A-433B05C097A7}.Release|Any CPU.Build.0 = Release|Any CPU
	EndGlobalSection
EndGlobal
